
Microsoft Visual Studio Solution File, Format Version 12.00
# Visual Studio Version 16
VisualStudioVersion = 16.0.33529.622
MinimumVisualStudioVersion = 10.0.40219.1
Project("{FAE04EC0-301F-11D3-BF4B-00C04F79EFBC}") = "QLKS", "QLKS\QLKS.csproj", "{40DA7011-7C17-45F5-AD1E-F3C72D84319B}"
EndProject
Global
	GlobalSection(SolutionConfigurationPlatforms) = preSolution
		Debug|Any CPU = Debug|Any CPU
		Release|Any CPU = Release|Any CPU
	EndGlobalSection
	GlobalSection(ProjectConfigurationPlatforms) = postSolution
		{40DA7011-7C17-45F5-AD1E-F3C72D84319B}.Debug|Any CPU.ActiveCfg = Debug|Any CPU
		{40DA7011-7C17-45F5-AD1E-F3C72D84319B}.Debug|Any CPU.Build.0 = Debug|Any CPU
		{40DA7011-7C17-45F5-AD1E-F3C72D84319B}.Release|Any CPU.ActiveCfg = Release|Any CPU
		{40DA7011-7C17-45F5-AD1E-F3C72D84319B}.Release|Any CPU.Build.0 = Release|Any CPU
	EndGlobalSection
	GlobalSection(SolutionProperties) = preSolution
		HideSolutionNode = FALSE
	EndGlobalSection
	GlobalSection(ExtensibilityGlobals) = postSolution
		SolutionGuid = {0663903F-0FB8-408A-9E49-076E14CB9DB0}
	EndGlobalSection
EndGlobal
